{
  "nodes": {
    "nixpkgs": {
      "locked": {
        "lastModified": 1640264129,
        "narHash": "sha256-gfTFmZhnHE9G+Tr0fdMmo6p/FHi5QpkO9oPPYSu6JO0=",
        "owner": "NixOS",
        "repo": "nixpkgs",
        "rev": "1158f3463912d54cc981d61213839ec6c02570d3",
        "type": "github"
      },
      "original": {
        "owner": "NixOS",
        "ref": "nixos-21.11",
        "repo": "nixpkgs",
        "type": "github"
      }
    },
    "root": {
      "inputs": {
        "nixpkgs": "nixpkgs"
      }
    }
  },
  "root": "root",
  "version": 7
}
